
Microsoft Visual Studio Solution File, Format Version 12.00
Project("{FAE04EC0-301F-11D3-BF4B-00C04F79EFBC}") = "Student management system", "Student management system\Student management system.csproj", "{59233B8F-6F95-4897-AC40-EB659D637524}"
EndProject
Global
	GlobalSection(SolutionConfigurationPlatforms) = preSolution
		Debug|Any CPU = Debug|Any CPU
		Release|Any CPU = Release|Any CPU
	EndGlobalSection
	GlobalSection(ProjectConfigurationPlatforms) = postSolution
		{59233B8F-6F95-4897-AC40-EB659D637524}.Debug|Any CPU.ActiveCfg = Debug|Any CPU
		{59233B8F-6F95-4897-AC40-EB659D637524}.Debug|Any CPU.Build.0 = Debug|Any CPU
		{59233B8F-6F95-4897-AC40-EB659D637524}.Release|Any CPU.ActiveCfg = Release|Any CPU
		{59233B8F-6F95-4897-AC40-EB659D637524}.Release|Any CPU.Build.0 = Release|Any CPU
	EndGlobalSection
EndGlobal
